
Microsoft Visual Studio Solution File, Format Version 12.00
# Visual Studio Version 17
VisualStudioVersion = 17.5.002.0
MinimumVisualStudioVersion = 10.0.40219.1
Project("{9A19103F-16F7-4668-BE54-9A1E7A4F7556}") = "GxDeps", "GxDeps.csproj", "{00F39841-6D28-4C2A-AD73-CC28FFF0BC24}"
EndProject
Global
	GlobalSection(SolutionConfigurationPlatforms) = preSolution
		Debug|Any CPU = Debug|Any CPU
		Release|Any CPU = Release|Any CPU
	EndGlobalSection
	GlobalSection(ProjectConfigurationPlatforms) = postSolution
		{00F39841-6D28-4C2A-AD73-CC28FFF0BC24}.Debug|Any CPU.ActiveCfg = Debug|Any CPU
		{00F39841-6D28-4C2A-AD73-CC28FFF0BC24}.Debug|Any CPU.Build.0 = Debug|Any CPU
		{00F39841-6D28-4C2A-AD73-CC28FFF0BC24}.Release|Any CPU.ActiveCfg = Release|Any CPU
		{00F39841-6D28-4C2A-AD73-CC28FFF0BC24}.Release|Any CPU.Build.0 = Release|Any CPU
	EndGlobalSection
	GlobalSection(SolutionProperties) = preSolution
		HideSolutionNode = FALSE
	EndGlobalSection
	GlobalSection(ExtensibilityGlobals) = postSolution
		SolutionGuid = {8992B5A8-8CB6-46F2-AF45-B10539A44AA7}
	EndGlobalSection
EndGlobal
